
Microsoft Visual Studio Solution File, Format Version 12.00
# Visual Studio Version 16
VisualStudioVersion = 16.0.30804.86
MinimumVisualStudioVersion = 10.0.40219.1
Project("{9A19103F-16F7-4668-BE54-9A1E7A4F7556}") = "SpiralWorksWalletBackendExam", "SpiralWorksWalletBackendExam.csproj", "{2F52367B-605A-47E8-A418-2E007DF69D8E}"
EndProject
Project("{9A19103F-16F7-4668-BE54-9A1E7A4F7556}") = "SpiralEWalletBackend.UnitTest", "SpiralEWalletBackend.UnitTest\SpiralEWalletBackend.UnitTest.csproj", "{8DE423BA-8E40-41F9-B72E-32EFDE1BA96B}"
EndProject
Global
	GlobalSection(SolutionConfigurationPlatforms) = preSolution
		Debug|Any CPU = Debug|Any CPU
		Release|Any CPU = Release|Any CPU
	EndGlobalSection
	GlobalSection(ProjectConfigurationPlatforms) = postSolution
		{2F52367B-605A-47E8-A418-2E007DF69D8E}.Debug|Any CPU.ActiveCfg = Debug|Any CPU
		{2F52367B-605A-47E8-A418-2E007DF69D8E}.Debug|Any CPU.Build.0 = Debug|Any CPU
		{2F52367B-605A-47E8-A418-2E007DF69D8E}.Release|Any CPU.ActiveCfg = Release|Any CPU
		{2F52367B-605A-47E8-A418-2E007DF69D8E}.Release|Any CPU.Build.0 = Release|Any CPU
		{8DE423BA-8E40-41F9-B72E-32EFDE1BA96B}.Debug|Any CPU.ActiveCfg = Debug|Any CPU
		{8DE423BA-8E40-41F9-B72E-32EFDE1BA96B}.Debug|Any CPU.Build.0 = Debug|Any CPU
		{8DE423BA-8E40-41F9-B72E-32EFDE1BA96B}.Release|Any CPU.ActiveCfg = Release|Any CPU
		{8DE423BA-8E40-41F9-B72E-32EFDE1BA96B}.Release|Any CPU.Build.0 = Release|Any CPU
	EndGlobalSection
	GlobalSection(SolutionProperties) = preSolution
		HideSolutionNode = FALSE
	EndGlobalSection
	GlobalSection(ExtensibilityGlobals) = postSolution
		SolutionGuid = {079C6C82-16D9-4578-9D16-2DEC9ED50DB0}
	EndGlobalSection
EndGlobal
